hash: 5217158e64799605f5ff3d34f85bc966dcfb142806061e71a9d29808b18257f4
updated: 2017-01-20T10:45:30.550434946-07:00
imports:
- name: code.cloudfoundry.org/cli
  version: ada5bac115871cfdcab28e249dcc206c04bc2238
  subpackages:
  - cf/formatters
  - cf/i18n
  - cf/models
  - cf/resources
  - plugin
  - plugin/models
- name: github.com/cloudfoundry/cli
  version: ada5bac115871cfdcab28e249dcc206c04bc2238
  subpackages:
  - plugin
  - plugin/pluginfakes
- name: github.com/krujos/cfcurl
  version: 320854091a119f220102ba356e507c361562b221
- name: github.com/nicksnyder/go-i18n
  version: 37e5c2de3e03e4b82693e3fcb4a6aa2cc4eb07e3
  repo: https://github.com/nicksnyder/go-i18n
  subpackages:
  - i18n
  - i18n/bundle
  - i18n/language
  - i18n/translation
- name: github.com/op/go-logging
  version: 970db520ece77730c7e4724c61121037378659d9
- name: github.com/xchapter7x/lo
  version: e33b245fc7a8186582208abc2458c2691bff681c
- name: gopkg.in/yaml.v2
  version: e4d366fc3c7938e2958e662b4258c7a89e1f0e3e
  repo: https://gopkg.in/yaml.v2
testImports:
- name: github.com/onsi/ginkgo
  version: 7d3240191d7b2311b60090fcbc96e56bffc45ec0
  subpackages:
  - config
  - internal/codelocation
  - internal/containernode
  - internal/failer
  - internal/leafnodes
  - internal/remote
  - internal/spec
  - internal/specrunner
  - internal/suite
  - internal/testingtproxy
  - internal/writer
  - reporters
  - reporters/stenographer
  - types
- name: github.com/onsi/gomega
  version: 9ed8da19f2156b87a803a8fdf6d126f627a12db1
  subpackages:
  - format
  - internal/assertion
  - internal/asyncassertion
  - internal/oraclematcher
  - internal/testingtsupport
  - matchers
  - matchers/support/goraph/bipartitegraph
  - matchers/support/goraph/edge
  - matchers/support/goraph/node
  - matchers/support/goraph/util
  - types
- name: golang.org/x/sys
  version: a646d33e2ee3172a661fc09bca23bb4889a41bc8
  repo: https://go.googlesource.com/sys
  subpackages:
  - unix
